// !$*UTF8*$!
{
	archiveVersion = 1;
	classes = {
	};
	objectVersion = 46;
	objects = {

/* Begin PBXBuildFile section */
		9D14429E1F9F1DB9005B1288 /* UIColor-Extension.swift in Sources */ = {isa = PBXBuildFile; fileRef = 9D14429D1F9F1DB9005B1288 /* UIColor-Extension.swift */; };
		9D1442A01F9F2547005B1288 /* PageContentView.swift in Sources */ = {isa = PBXBuildFile; fileRef = 9D14429F1F9F2547005B1288 /* PageContentView.swift */; };
		9D56265F1FA2D14D00B15445 /* CollectionHeaderView.swift in Sources */ = {isa = PBXBuildFile; fileRef = 9D56265D1FA2D14D00B15445 /* CollectionHeaderView.swift */; };
		9D5626601FA2D14D00B15445 /* CollectionHeaderView.xib in Resources */ = {isa = PBXBuildFile; fileRef = 9D56265E1FA2D14D00B15445 /* CollectionHeaderView.xib */; };
		9D5626631FA2E1D500B15445 /* CollectionNormalCell.swift in Sources */ = {isa = PBXBuildFile; fileRef = 9D5626611FA2E1D500B15445 /* CollectionNormalCell.swift */; };
		9D5626641FA2E1D500B15445 /* CollectionNormalCell.xib in Resources */ = {isa = PBXBuildFile; fileRef = 9D5626621FA2E1D500B15445 /* CollectionNormalCell.xib */; };
		9D5626671FA3064500B15445 /* CollectionPrettyCell.swift in Sources */ = {isa = PBXBuildFile; fileRef = 9D5626651FA3064500B15445 /* CollectionPrettyCell.swift */; };
		9D5626681FA3064500B15445 /* CollectionPrettyCell.xib in Resources */ = {isa = PBXBuildFile; fileRef = 9D5626661FA3064500B15445 /* CollectionPrettyCell.xib */; };
		9D71F3CD1FAAB2A500455C26 /* RoomShowViewController.swift in Sources */ = {isa = PBXBuildFile; fileRef = 9D71F3CC1FAAB2A500455C26 /* RoomShowViewController.swift */; };
		9D71F3CF1FAAB2BD00455C26 /* RoomNormalViewController.swift in Sources */ = {isa = PBXBuildFile; fileRef = 9D71F3CE1FAAB2BD00455C26 /* RoomNormalViewController.swift */; };
		9D71F3D11FAABD2D00455C26 /* CustomNavigationController.swift in Sources */ = {isa = PBXBuildFile; fileRef = 9D71F3D01FAABD2D00455C26 /* CustomNavigationController.swift */; };
		9D71FAAC1FA8067600589334 /* RecommendCycleView.swift in Sources */ = {isa = PBXBuildFile; fileRef = 9D71FAAB1FA8067600589334 /* RecommendCycleView.swift */; };
		9D71FAAE1FA8140300589334 /* RecommendCycleView.xib in Resources */ = {isa = PBXBuildFile; fileRef = 9D71FAAD1FA8140300589334 /* RecommendCycleView.xib */; };
		9D71FAB01FA823AA00589334 /* CycleModel.swift in Sources */ = {isa = PBXBuildFile; fileRef = 9D71FAAF1FA823AA00589334 /* CycleModel.swift */; };
		9D71FAB31FA827E300589334 /* CollectionCycleCell.swift in Sources */ = {isa = PBXBuildFile; fileRef = 9D71FAB11FA827E300589334 /* CollectionCycleCell.swift */; };
		9D71FAB41FA827E300589334 /* CollectionCycleCell.xib in Resources */ = {isa = PBXBuildFile; fileRef = 9D71FAB21FA827E300589334 /* CollectionCycleCell.xib */; };
		9D71FAB61FA8513400589334 /* RecommendGameView.swift in Sources */ = {isa = PBXBuildFile; fileRef = 9D71FAB51FA8513400589334 /* RecommendGameView.swift */; };
		9D71FAB81FA8516500589334 /* RecommendGameView.xib in Resources */ = {isa = PBXBuildFile; fileRef = 9D71FAB71FA8516500589334 /* RecommendGameView.xib */; };
		9D71FABB1FA8519B00589334 /* CollectionGameCell.swift in Sources */ = {isa = PBXBuildFile; fileRef = 9D71FAB91FA8519B00589334 /* CollectionGameCell.swift */; };
		9D71FABC1FA8519B00589334 /* CollectionGameCell.xib in Resources */ = {isa = PBXBuildFile; fileRef = 9D71FABA1FA8519B00589334 /* CollectionGameCell.xib */; };
		9D729E9D1FA037B80092A8C2 /* RecommendViewController.swift in Sources */ = {isa = PBXBuildFile; fileRef = 9D729E9C1FA037B80092A8C2 /* RecommendViewController.swift */; };
		9D74186E1FA957370036AC88 /* GameViewController.swift in Sources */ = {isa = PBXBuildFile; fileRef = 9D74186D1FA957370036AC88 /* GameViewController.swift */; };
		9D7418701FA95F550036AC88 /* GameModel.swift in Sources */ = {isa = PBXBuildFile; fileRef = 9D74186F1FA95F550036AC88 /* GameModel.swift */; };
		9D7418721FA95F690036AC88 /* GameViewModel.swift in Sources */ = {isa = PBXBuildFile; fileRef = 9D7418711FA95F690036AC88 /* GameViewModel.swift */; };
		9D7418741FA962230036AC88 /* BaseGameModel.swift in Sources */ = {isa = PBXBuildFile; fileRef = 9D7418731FA962230036AC88 /* BaseGameModel.swift */; };
		9D7418761FA9783F0036AC88 /* AmuseViewController.swift in Sources */ = {isa = PBXBuildFile; fileRef = 9D7418751FA9783F0036AC88 /* AmuseViewController.swift */; };
		9D7418781FA9784F0036AC88 /* FunnyViewController.swift in Sources */ = {isa = PBXBuildFile; fileRef = 9D7418771FA9784F0036AC88 /* FunnyViewController.swift */; };
		9D74187A1FA978C20036AC88 /* AmuseViewModel.swift in Sources */ = {isa = PBXBuildFile; fileRef = 9D7418791FA978C20036AC88 /* AmuseViewModel.swift */; };
		9D74187C1FA99C2C0036AC88 /* BaseViewModel.swift in Sources */ = {isa = PBXBuildFile; fileRef = 9D74187B1FA99C2C0036AC88 /* BaseViewModel.swift */; };
		9D74187E1FA9A0B60036AC88 /* BaseAnchorViewController.swift in Sources */ = {isa = PBXBuildFile; fileRef = 9D74187D1FA9A0B60036AC88 /* BaseAnchorViewController.swift */; };
		9D7418801FA9AE080036AC88 /* AmuseMenuView.swift in Sources */ = {isa = PBXBuildFile; fileRef = 9D74187F1FA9AE080036AC88 /* AmuseMenuView.swift */; };
		9D7418821FA9AE270036AC88 /* AmuseMenuView.xib in Resources */ = {isa = PBXBuildFile; fileRef = 9D7418811FA9AE270036AC88 /* AmuseMenuView.xib */; };
		9D7418851FA9B40D0036AC88 /* AmuseMenuViewCell.swift in Sources */ = {isa = PBXBuildFile; fileRef = 9D7418831FA9B40D0036AC88 /* AmuseMenuViewCell.swift */; };
		9D7418861FA9B40D0036AC88 /* AmuseMenuViewCell.xib in Resources */ = {isa = PBXBuildFile; fileRef = 9D7418841FA9B40D0036AC88 /* AmuseMenuViewCell.xib */; };
		9D7418881FA9C1AF0036AC88 /* FunnyViewModel.swift in Sources */ = {isa = PBXBuildFile; fileRef = 9D7418871FA9C1AF0036AC88 /* FunnyViewModel.swift */; };
		9D74188A1FA9C9180036AC88 /* BaseViewController.swift in Sources */ = {isa = PBXBuildFile; fileRef = 9D7418891FA9C9180036AC88 /* BaseViewController.swift */; };
		9D8162901FA6B66E00E72AC8 /* NetworkTools.swift in Sources */ = {isa = PBXBuildFile; fileRef = 9D81628F1FA6B66E00E72AC8 /* NetworkTools.swift */; };
		9D8162941FA6C72C00E72AC8 /* RecommendViewModel.swift in Sources */ = {isa = PBXBuildFile; fileRef = 9D8162931FA6C72C00E72AC8 /* RecommendViewModel.swift */; };
		9D8162961FA6C9B900E72AC8 /* NSDate-Extension.swift in Sources */ = {isa = PBXBuildFile; fileRef = 9D8162951FA6C9B900E72AC8 /* NSDate-Extension.swift */; };
		9D8162981FA6D3F700E72AC8 /* AnchorGroup.swift in Sources */ = {isa = PBXBuildFile; fileRef = 9D8162971FA6D3F700E72AC8 /* AnchorGroup.swift */; };
		9D81629A1FA6D8B600E72AC8 /* AnchorModel.swift in Sources */ = {isa = PBXBuildFile; fileRef = 9D8162991FA6D8B600E72AC8 /* AnchorModel.swift */; };
		9D81629C1FA70E6700E72AC8 /* CollectionBaseCell.swift in Sources */ = {isa = PBXBuildFile; fileRef = 9D81629B1FA70E6600E72AC8 /* CollectionBaseCell.swift */; };
		9D8BCDC41F99D3E70057CCF1 /* AppDelegate.swift in Sources */ = {isa = PBXBuildFile; fileRef = 9D8BCDC31F99D3E70057CCF1 /* AppDelegate.swift */; };
		9D8BCDC91F99D3E70057CCF1 /* Main.storyboard in Resources */ = {isa = PBXBuildFile; fileRef = 9D8BCDC71F99D3E70057CCF1 /* Main.storyboard */; };
		9D8BCDCB1F99D3E70057CCF1 /* Assets.xcassets in Resources */ = {isa = PBXBuildFile; fileRef = 9D8BCDCA1F99D3E70057CCF1 /* Assets.xcassets */; };
		9D8BCDCE1F99D3E70057CCF1 /* LaunchScreen.storyboard in Resources */ = {isa = PBXBuildFile; fileRef = 9D8BCDCC1F99D3E70057CCF1 /* LaunchScreen.storyboard */; };
		9D8BCDD91F99D3E70057CCF1 /* ZhiBoSwiftTests.swift in Sources */ = {isa = PBXBuildFile; fileRef = 9D8BCDD81F99D3E70057CCF1 /* ZhiBoSwiftTests.swift */; };
		9D8BCDE41F99D3E70057CCF1 /* ZhiBoSwiftUITests.swift in Sources */ = {isa = PBXBuildFile; fileRef = 9D8BCDE31F99D3E70057CCF1 /* ZhiBoSwiftUITests.swift */; };
		9DB9C0831F9DC30A0005CF66 /* Home.storyboard in Resources */ = {isa = PBXBuildFile; fileRef = 9DB9C0811F9DC30A0005CF66 /* Home.storyboard */; };
		9DB9C0861F9DC38C0005CF66 /* Live.storyboard in Resources */ = {isa = PBXBuildFile; fileRef = 9DB9C0841F9DC38C0005CF66 /* Live.storyboard */; };
		9DB9C0891F9DC3BE0005CF66 /* Follow.storyboard in Resources */ = {isa = PBXBuildFile; fileRef = 9DB9C0871F9DC3BE0005CF66 /* Follow.storyboard */; };
		9DB9C08C1F9DC3EF0005CF66 /* Me.storyboard in Resources */ = {isa = PBXBuildFile; fileRef = 9DB9C08A1F9DC3EF0005CF66 /* Me.storyboard */; };
		9DB9C0961F9DDA590005CF66 /* MainViewController.swift in Sources */ = {isa = PBXBuildFile; fileRef = 9DB9C0931F9DDA590005CF66 /* MainViewController.swift */; };
		9DB9C0981F9DDAA30005CF66 /* HomeViewController.swift in Sources */ = {isa = PBXBuildFile; fileRef = 9DB9C0971F9DDAA30005CF66 /* HomeViewController.swift */; };
		9DEC61081F9EE24400E53EA5 /* UIBarButtonItem-Extension.swift in Sources */ = {isa = PBXBuildFile; fileRef = 9DEC61071F9EE24400E53EA5 /* UIBarButtonItem-Extension.swift */; };
		9DEC610A1F9EEAAE00E53EA5 /* PageTitleView.swift in Sources */ = {isa = PBXBuildFile; fileRef = 9DEC61091F9EEAAE00E53EA5 /* PageTitleView.swift */; };
		9DEC610C1F9EEC3F00E53EA5 /* Common.swift in Sources */ = {isa = PBXBuildFile; fileRef = 9DEC610B1F9EEC3F00E53EA5 /* Common.swift */; };
		A6953DC8F0DE3FB36813B405 /* Pods_ZhiBoSwift.framework in Frameworks */ = {isa = PBXBuildFile; fileRef = 55B0E662B48CD80E805B5A82 /* Pods_ZhiBoSwift.framework */; };
/* End PBXBuildFile section */

/* Begin PBXContainerItemProxy section */
		9D8BCDD51F99D3E70057CCF1 /* PBXContainerItemProxy */ = {
			isa = PBXContainerItemProxy;
			containerPortal = 9D8BCDB81F99D3E60057CCF1 /* Project object */;
			proxyType = 1;
			remoteGlobalIDString = 9D8BCDBF1F99D3E60057CCF1;
			remoteInfo = ZhiBoSwift;
		};
		9D8BCDE01F99D3E70057CCF1 /* PBXContainerItemProxy */ = {
			isa = PBXContainerItemProxy;
			containerPortal = 9D8BCDB81F99D3E60057CCF1 /* Project object */;
			proxyType = 1;
			remoteGlobalIDString = 9D8BCDBF1F99D3E60057CCF1;
			remoteInfo = ZhiBoSwift;
		};
/* End PBXContainerItemProxy section */

/* Begin PBXFileReference section */
		0542DFE116F6DF2412869728 /* Pods-ZhiBoSwift.release.xcconfig */ = {isa = PBXFileReference; includeInIndex = 1; lastKnownFileType = text.xcconfig; name = "Pods-ZhiBoSwift.release.xcconfig"; path = "Pods/Target Support Files/Pods-ZhiBoSwift/Pods-ZhiBoSwift.release.xcconfig"; sourceTree = "<group>"; };
		204024D0A2363531B4CDE221 /* Pods-ZhiBoSwift.debug.xcconfig */ = {isa = PBXFileReference; includeInIndex = 1; lastKnownFileType = text.xcconfig; name = "Pods-ZhiBoSwift.debug.xcconfig"; path = "Pods/Target Support Files/Pods-ZhiBoSwift/Pods-ZhiBoSwift.debug.xcconfig"; sourceTree = "<group>"; };
		55B0E662B48CD80E805B5A82 /* Pods_ZhiBoSwift.framework */ = {isa = PBXFileReference; explicitFileType = wrapper.framework; includeInIndex = 0; path = Pods_ZhiBoSwift.framework; sourceTree = BUILT_PRODUCTS_DIR; };
		9D14429D1F9F1DB9005B1288 /* UIColor-Extension.swift */ = {isa = PBXFileReference; fileEncoding = 4; lastKnownFileType = sourcecode.swift; path = "UIColor-Extension.swift"; sourceTree = "<group>"; };
		9D14429F1F9F2547005B1288 /* PageContentView.swift */ = {isa = PBXFileReference; fileEncoding = 4; lastKnownFileType = sourcecode.swift; path = PageContentView.swift; sourceTree = "<group>"; };
		9D56265D1FA2D14D00B15445 /* CollectionHeaderView.swift */ = {isa = PBXFileReference; fileEncoding = 4; lastKnownFileType = sourcecode.swift; path = CollectionHeaderView.swift; sourceTree = "<group>"; };
		9D56265E1FA2D14D00B15445 /* CollectionHeaderView.xib */ = {isa = PBXFileReference; fileEncoding = 4; lastKnownFileType = file.xib; path = CollectionHeaderView.xib; sourceTree = "<group>"; };
		9D5626611FA2E1D500B15445 /* CollectionNormalCell.swift */ = {isa = PBXFileReference; fileEncoding = 4; lastKnownFileType = sourcecode.swift; path = CollectionNormalCell.swift; sourceTree = "<group>"; };
		9D5626621FA2E1D500B15445 /* CollectionNormalCell.xib */ = {isa = PBXFileReference; fileEncoding = 4; lastKnownFileType = file.xib; path = CollectionNormalCell.xib; sourceTree = "<group>"; };
		9D5626651FA3064500B15445 /* CollectionPrettyCell.swift */ = {isa = PBXFileReference; fileEncoding = 4; lastKnownFileType = sourcecode.swift; path = CollectionPrettyCell.swift; sourceTree = "<group>"; };
		9D5626661FA3064500B15445 /* CollectionPrettyCell.xib */ = {isa = PBXFileReference; fileEncoding = 4; lastKnownFileType = file.xib; path = CollectionPrettyCell.xib; sourceTree = "<group>"; };
		9D71F3CC1FAAB2A500455C26 /* RoomShowViewController.swift */ = {isa = PBXFileReference; fileEncoding = 4; lastKnownFileType = sourcecode.swift; path = RoomShowViewController.swift; sourceTree = "<group>"; };
		9D71F3CE1FAAB2BD00455C26 /* RoomNormalViewController.swift */ = {isa = PBXFileReference; fileEncoding = 4; lastKnownFileType = sourcecode.swift; path = RoomNormalViewController.swift; sourceTree = "<group>"; };
		9D71F3D01FAABD2D00455C26 /* CustomNavigationController.swift */ = {isa = PBXFileReference; fileEncoding = 4; lastKnownFileType = sourcecode.swift; path = CustomNavigationController.swift; sourceTree = "<group>"; };
		9D71FAAB1FA8067600589334 /* RecommendCycleView.swift */ = {isa = PBXFileReference; fileEncoding = 4; lastKnownFileType = sourcecode.swift; path = RecommendCycleView.swift; sourceTree = "<group>"; };
		9D71FAAD1FA8140300589334 /* RecommendCycleView.xib */ = {isa = PBXFileReference; fileEncoding = 4; lastKnownFileType = file.xib; path = RecommendCycleView.xib; sourceTree = "<group>"; };
		9D71FAAF1FA823AA00589334 /* CycleModel.swift */ = {isa = PBXFileReference; fileEncoding = 4; lastKnownFileType = sourcecode.swift; path = CycleModel.swift; sourceTree = "<group>"; };
		9D71FAB11FA827E300589334 /* CollectionCycleCell.swift */ = {isa = PBXFileReference; fileEncoding = 4; lastKnownFileType = sourcecode.swift; path = CollectionCycleCell.swift; sourceTree = "<group>"; };
		9D71FAB21FA827E300589334 /* CollectionCycleCell.xib */ = {isa = PBXFileReference; fileEncoding = 4; lastKnownFileType = file.xib; path = CollectionCycleCell.xib; sourceTree = "<group>"; };
		9D71FAB51FA8513400589334 /* RecommendGameView.swift */ = {isa = PBXFileReference; fileEncoding = 4; lastKnownFileType = sourcecode.swift; path = RecommendGameView.swift; sourceTree = "<group>"; };
		9D71FAB71FA8516500589334 /* RecommendGameView.xib */ = {isa = PBXFileReference; fileEncoding = 4; lastKnownFileType = file.xib; path = RecommendGameView.xib; sourceTree = "<group>"; };
		9D71FAB91FA8519B00589334 /* CollectionGameCell.swift */ = {isa = PBXFileReference; fileEncoding = 4; lastKnownFileType = sourcecode.swift; path = CollectionGameCell.swift; sourceTree = "<group>"; };
		9D71FABA1FA8519B00589334 /* CollectionGameCell.xib */ = {isa = PBXFileReference; fileEncoding = 4; lastKnownFileType = file.xib; path = CollectionGameCell.xib; sourceTree = "<group>"; };
		9D729E9C1FA037B80092A8C2 /* RecommendViewController.swift */ = {isa = PBXFileReference; fileEncoding = 4; lastKnownFileType = sourcecode.swift; path = RecommendViewController.swift; sourceTree = "<group>"; };
		9D74186D1FA957370036AC88 /* GameViewController.swift */ = {isa = PBXFileReference; fileEncoding = 4; lastKnownFileType = sourcecode.swift; path = GameViewController.swift; sourceTree = "<group>"; };
		9D74186F1FA95F550036AC88 /* GameModel.swift */ = {isa = PBXFileReference; fileEncoding = 4; lastKnownFileType = sourcecode.swift; path = GameModel.swift; sourceTree = "<group>"; };
		9D7418711FA95F690036AC88 /* GameViewModel.swift */ = {isa = PBXFileReference; fileEncoding = 4; lastKnownFileType = sourcecode.swift; path = GameViewModel.swift; sourceTree = "<group>"; };
		9D7418731FA962230036AC88 /* BaseGameModel.swift */ = {isa = PBXFileReference; fileEncoding = 4; lastKnownFileType = sourcecode.swift; path = BaseGameModel.swift; sourceTree = "<group>"; };
		9D7418751FA9783F0036AC88 /* AmuseViewController.swift */ = {isa = PBXFileReference; fileEncoding = 4; lastKnownFileType = sourcecode.swift; path = AmuseViewController.swift; sourceTree = "<group>"; };
		9D7418771FA9784F0036AC88 /* FunnyViewController.swift */ = {isa = PBXFileReference; fileEncoding = 4; lastKnownFileType = sourcecode.swift; path = FunnyViewController.swift; sourceTree = "<group>"; };
		9D7418791FA978C20036AC88 /* AmuseViewModel.swift */ = {isa = PBXFileReference; fileEncoding = 4; lastKnownFileType = sourcecode.swift; path = AmuseViewModel.swift; sourceTree = "<group>"; };
		9D74187B1FA99C2C0036AC88 /* BaseViewModel.swift */ = {isa = PBXFileReference; fileEncoding = 4; lastKnownFileType = sourcecode.swift; path = BaseViewModel.swift; sourceTree = "<group>"; };
		9D74187D1FA9A0B60036AC88 /* BaseAnchorViewController.swift */ = {isa = PBXFileReference; fileEncoding = 4; lastKnownFileType = sourcecode.swift; path = BaseAnchorViewController.swift; sourceTree = "<group>"; };
		9D74187F1FA9AE080036AC88 /* AmuseMenuView.swift */ = {isa = PBXFileReference; fileEncoding = 4; lastKnownFileType = sourcecode.swift; path = AmuseMenuView.swift; sourceTree = "<group>"; };
		9D7418811FA9AE270036AC88 /* AmuseMenuView.xib */ = {isa = PBXFileReference; fileEncoding = 4; lastKnownFileType = file.xib; path = AmuseMenuView.xib; sourceTree = "<group>"; };
		9D7418831FA9B40D0036AC88 /* AmuseMenuViewCell.swift */ = {isa = PBXFileReference; fileEncoding = 4; lastKnownFileType = sourcecode.swift; path = AmuseMenuViewCell.swift; sourceTree = "<group>"; };
		9D7418841FA9B40D0036AC88 /* AmuseMenuViewCell.xib */ = {isa = PBXFileReference; fileEncoding = 4; lastKnownFileType = file.xib; path = AmuseMenuViewCell.xib; sourceTree = "<group>"; };
		9D7418871FA9C1AF0036AC88 /* FunnyViewModel.swift */ = {isa = PBXFileReference; fileEncoding = 4; lastKnownFileType = sourcecode.swift; path = FunnyViewModel.swift; sourceTree = "<group>"; };
		9D7418891FA9C9180036AC88 /* BaseViewController.swift */ = {isa = PBXFileReference; fileEncoding = 4; lastKnownFileType = sourcecode.swift; path = BaseViewController.swift; sourceTree = "<group>"; };
		9D81628F1FA6B66E00E72AC8 /* NetworkTools.swift */ = {isa = PBXFileReference; fileEncoding = 4; lastKnownFileType = sourcecode.swift; path = NetworkTools.swift; sourceTree = "<group>"; };
		9D8162931FA6C72C00E72AC8 /* RecommendViewModel.swift */ = {isa = PBXFileReference; fileEncoding = 4; lastKnownFileType = sourcecode.swift; path = RecommendViewModel.swift; sourceTree = "<group>"; };
		9D8162951FA6C9B900E72AC8 /* NSDate-Extension.swift */ = {isa = PBXFileReference; fileEncoding = 4; lastKnownFileType = sourcecode.swift; path = "NSDate-Extension.swift"; sourceTree = "<group>"; };
		9D8162971FA6D3F700E72AC8 /* AnchorGroup.swift */ = {isa = PBXFileReference; fileEncoding = 4; lastKnownFileType = sourcecode.swift; path = AnchorGroup.swift; sourceTree = "<group>"; };
		9D8162991FA6D8B600E72AC8 /* AnchorModel.swift */ = {isa = PBXFileReference; fileEncoding = 4; lastKnownFileType = sourcecode.swift; path = AnchorModel.swift; sourceTree = "<group>"; };
		9D81629B1FA70E6600E72AC8 /* CollectionBaseCell.swift */ = {isa = PBXFileReference; fileEncoding = 4; lastKnownFileType = sourcecode.swift; path = CollectionBaseCell.swift; sourceTree = "<group>"; };
		9D8BCDC01F99D3E70057CCF1 /* ZhiBoSwift.app */ = {isa = PBXFileReference; explicitFileType = wrapper.application; includeInIndex = 0; path = ZhiBoSwift.app; sourceTree = BUILT_PRODUCTS_DIR; };
		9D8BCDC31F99D3E70057CCF1 /* AppDelegate.swift */ = {isa = PBXFileReference; lastKnownFileType = sourcecode.swift; path = AppDelegate.swift; sourceTree = "<group>"; };
		9D8BCDC81F99D3E70057CCF1 /* Base */ = {isa = PBXFileReference; lastKnownFileType = file.storyboard; name = Base; path = Base.lproj/Main.storyboard; sourceTree = "<group>"; };
		9D8BCDCA1F99D3E70057CCF1 /* Assets.xcassets */ = {isa = PBXFileReference; lastKnownFileType = folder.assetcatalog; path = Assets.xcassets; sourceTree = "<group>"; };
		9D8BCDCD1F99D3E70057CCF1 /* Base */ = {isa = PBXFileReference; lastKnownFileType = file.storyboard; name = Base; path = Base.lproj/LaunchScreen.storyboard; sourceTree = "<group>"; };
		9D8BCDCF1F99D3E70057CCF1 /* Info.plist */ = {isa = PBXFileReference; lastKnownFileType = text.plist.xml; path = Info.plist; sourceTree = "<group>"; };
		9D8BCDD41F99D3E70057CCF1 /* ZhiBoSwiftTests.xctest */ = {isa = PBXFileReference; explicitFileType = wrapper.cfbundle; includeInIndex = 0; path = ZhiBoSwiftTests.xctest; sourceTree = BUILT_PRODUCTS_DIR; };
		9D8BCDD81F99D3E70057CCF1 /* ZhiBoSwiftTests.swift */ = {isa = PBXFileReference; lastKnownFileType = sourcecode.swift; path = ZhiBoSwiftTests.swift; sourceTree = "<group>"; };
		9D8BCDDA1F99D3E70057CCF1 /* Info.plist */ = {isa = PBXFileReference; lastKnownFileType = text.plist.xml; path = Info.plist; sourceTree = "<group>"; };
		9D8BCDDF1F99D3E70057CCF1 /* ZhiBoSwiftUITests.xctest */ = {isa = PBXFileReference; explicitFileType = wrapper.cfbundle; includeInIndex = 0; path = ZhiBoSwiftUITests.xctest; sourceTree = BUILT_PRODUCTS_DIR; };
		9D8BCDE31F99D3E70057CCF1 /* ZhiBoSwiftUITests.swift */ = {isa = PBXFileReference; lastKnownFileType = sourcecode.swift; path = ZhiBoSwiftUITests.swift; sourceTree = "<group>"; };
		9D8BCDE51F99D3E70057CCF1 /* Info.plist */ = {isa = PBXFileReference; lastKnownFileType = text.plist.xml; path = Info.plist; sourceTree = "<group>"; };
		9DB9C0821F9DC30A0005CF66 /* Base */ = {isa = PBXFileReference; lastKnownFileType = file.storyboard; name = Base; path = ZhiBoSwift/Base.lproj/Home.storyboard; sourceTree = SOURCE_ROOT; };
		9DB9C0851F9DC38C0005CF66 /* Base */ = {isa = PBXFileReference; lastKnownFileType = file.storyboard; name = Base; path = ZhiBoSwift/Base.lproj/Live.storyboard; sourceTree = SOURCE_ROOT; };
		9DB9C0881F9DC3BE0005CF66 /* Base */ = {isa = PBXFileReference; lastKnownFileType = file.storyboard; name = Base; path = ZhiBoSwift/Base.lproj/Follow.storyboard; sourceTree = SOURCE_ROOT; };
		9DB9C08B1F9DC3EF0005CF66 /* Base */ = {isa = PBXFileReference; lastKnownFileType = file.storyboard; name = Base; path = ZhiBoSwift/Base.lproj/Me.storyboard; sourceTree = SOURCE_ROOT; };
		9DB9C0931F9DDA590005CF66 /* MainViewController.swift */ = {isa = PBXFileReference; fileEncoding = 4; lastKnownFileType = sourcecode.swift; path = MainViewController.swift; sourceTree = "<group>"; };
		9DB9C0971F9DDAA30005CF66 /* HomeViewController.swift */ = {isa = PBXFileReference; fileEncoding = 4; lastKnownFileType = sourcecode.swift; path = HomeViewController.swift; sourceTree = "<group>"; };
		9DEC61071F9EE24400E53EA5 /* UIBarButtonItem-Extension.swift */ = {isa = PBXFileReference; fileEncoding = 4; lastKnownFileType = sourcecode.swift; path = "UIBarButtonItem-Extension.swift"; sourceTree = "<group>"; };
		9DEC61091F9EEAAE00E53EA5 /* PageTitleView.swift */ = {isa = PBXFileReference; fileEncoding = 4; lastKnownFileType = sourcecode.swift; path = PageTitleView.swift; sourceTree = "<group>"; };
		9DEC610B1F9EEC3F00E53EA5 /* Common.swift */ = {isa = PBXFileReference; fileEncoding = 4; lastKnownFileType = sourcecode.swift; path = Common.swift; sourceTree = "<group>"; };
/* End PBXFileReference section */

/* Begin PBXFrameworksBuildPhase section */
		9D8BCDBD1F99D3E60057CCF1 /* Frameworks */ = {
			isa = PBXFrameworksBuildPhase;
			buildActionMask = 2147483647;
			files = (
				A6953DC8F0DE3FB36813B405 /* Pods_ZhiBoSwift.framework in Frameworks */,
			);
			runOnlyForDeploymentPostprocessing = 0;
		};
		9D8BCDD11F99D3E70057CCF1 /* Frameworks */ = {
			isa = PBXFrameworksBuildPhase;
			buildActionMask = 2147483647;
			files = (
			);
			runOnlyForDeploymentPostprocessing = 0;
		};
		9D8BCDDC1F99D3E70057CCF1 /* Frameworks */ = {
			isa = PBXFrameworksBuildPhase;
			buildActionMask = 2147483647;
			files = (
			);
			runOnlyForDeploymentPostprocessing = 0;
		};
/* End PBXFrameworksBuildPhase section */

/* Begin PBXGroup section */
		3CA68245C34CF1A15F449308 /* Frameworks */ = {
			isa = PBXGroup;
			children = (
				55B0E662B48CD80E805B5A82 /* Pods_ZhiBoSwift.framework */,
			);
			name = Frameworks;
			sourceTree = "<group>";
		};
		9D71F3CA1FAAB26D00455C26 /* Room */ = {
			isa = PBXGroup;
			children = (
				9D71F3CB1FAAB26D00455C26 /* Controller */,
			);
			path = Room;
			sourceTree = "<group>";
		};
		9D71F3CB1FAAB26D00455C26 /* Controller */ = {
			isa = PBXGroup;
			children = (
				9D71F3CC1FAAB2A500455C26 /* RoomShowViewController.swift */,
				9D71F3CE1FAAB2BD00455C26 /* RoomNormalViewController.swift */,
			);
			path = Controller;
			sourceTree = "<group>";
		};
		9D8162911FA6C5A000E72AC8 /* ViewModel */ = {
			isa = PBXGroup;
			children = (
				9D74187B1FA99C2C0036AC88 /* BaseViewModel.swift */,
			);
			path = ViewModel;
			sourceTree = "<group>";
		};
		9D8162921FA6C5AF00E72AC8 /* ViewModel */ = {
			isa = PBXGroup;
			children = (
				9D8162931FA6C72C00E72AC8 /* RecommendViewModel.swift */,
				9D7418711FA95F690036AC88 /* GameViewModel.swift */,
				9D7418791FA978C20036AC88 /* AmuseViewModel.swift */,
				9D7418871FA9C1AF0036AC88 /* FunnyViewModel.swift */,
			);
			path = ViewModel;
			sourceTree = "<group>";
		};
		9D8BCDB71F99D3E60057CCF1 = {
			isa = PBXGroup;
			children = (
				9D8BCDC21F99D3E70057CCF1 /* ZhiBoSwift */,
				9D8BCDD71F99D3E70057CCF1 /* ZhiBoSwiftTests */,
				9D8BCDE21F99D3E70057CCF1 /* ZhiBoSwiftUITests */,
				9D8BCDC11F99D3E70057CCF1 /* Products */,
				F145C46AB126148C3D6550B5 /* Pods */,
				3CA68245C34CF1A15F449308 /* Frameworks */,
			);
			sourceTree = "<group>";
		};
		9D8BCDC11F99D3E70057CCF1 /* Products */ = {
			isa = PBXGroup;
			children = (
				9D8BCDC01F99D3E70057CCF1 /* ZhiBoSwift.app */,
				9D8BCDD41F99D3E70057CCF1 /* ZhiBoSwiftTests.xctest */,
				9D8BCDDF1F99D3E70057CCF1 /* ZhiBoSwiftUITests.xctest */,
			);
			name = Products;
			sourceTree = "<group>";
		};
		9D8BCDC21F99D3E70057CCF1 /* ZhiBoSwift */ = {
			isa = PBXGroup;
			children = (
				9DB9C07A1F9D9E620005CF66 /* Classes */,
				9D8BCDC31F99D3E70057CCF1 /* AppDelegate.swift */,
				9D8BCDCA1F99D3E70057CCF1 /* Assets.xcassets */,
				9D8BCDCC1F99D3E70057CCF1 /* LaunchScreen.storyboard */,
				9D8BCDCF1F99D3E70057CCF1 /* Info.plist */,
			);
			path = ZhiBoSwift;
			sourceTree = "<group>";
		};
		9D8BCDD71F99D3E70057CCF1 /* ZhiBoSwiftTests */ = {
			isa = PBXGroup;
			children = (
				9D8BCDD81F99D3E70057CCF1 /* ZhiBoSwiftTests.swift */,
				9D8BCDDA1F99D3E70057CCF1 /* Info.plist */,
			);
			path = ZhiBoSwiftTests;
			sourceTree = "<group>";
		};
		9D8BCDE21F99D3E70057CCF1 /* ZhiBoSwiftUITests */ = {
			isa = PBXGroup;
			children = (
				9D8BCDE31F99D3E70057CCF1 /* ZhiBoSwiftUITests.swift */,
				9D8BCDE51F99D3E70057CCF1 /* Info.plist */,
			);
			path = ZhiBoSwiftUITests;
			sourceTree = "<group>";
		};
		9DB9C07A1F9D9E620005CF66 /* Classes */ = {
			isa = PBXGroup;
			children = (
				9DB9C07E1F9D9E620005CF66 /* Main */,
				9D71F3CA1FAAB26D00455C26 /* Room */,
				9DB9C07C1F9D9E620005CF66 /* Home */,
				9DB9C07D1F9D9E620005CF66 /* Live */,
				9DB9C07B1F9D9E620005CF66 /* Follow */,
				9DB9C07F1F9D9E620005CF66 /* Me */,
				9DB9C0801F9D9E620005CF66 /* Tools */,
			);
			path = Classes;
			sourceTree = "<group>";
		};
		9DB9C07B1F9D9E620005CF66 /* Follow */ = {
			isa = PBXGroup;
			children = (
				9DB9C0871F9DC3BE0005CF66 /* Follow.storyboard */,
			);
			path = Follow;
			sourceTree = "<group>";
		};
		9DB9C07C1F9D9E620005CF66 /* Home */ = {
			isa = PBXGroup;
			children = (
				9D8162921FA6C5AF00E72AC8 /* ViewModel */,
				9DB9C08F1F9DD9C50005CF66 /* Controller */,
				9DB9C0901F9DD9C50005CF66 /* Model */,
				9DB9C0911F9DD9C50005CF66 /* View */,
			);
			path = Home;
			sourceTree = "<group>";
		};
		9DB9C07D1F9D9E620005CF66 /* Live */ = {
			isa = PBXGroup;
			children = (
				9DB9C0841F9DC38C0005CF66 /* Live.storyboard */,
			);
			path = Live;
			sourceTree = "<group>";
		};
		9DB9C07E1F9D9E620005CF66 /* Main */ = {
			isa = PBXGroup;
			children = (
				9D8162911FA6C5A000E72AC8 /* ViewModel */,
				9DB9C0921F9DDA590005CF66 /* Controller */,
				9DB9C0941F9DDA590005CF66 /* Model */,
				9DB9C0951F9DDA590005CF66 /* View */,
			);
			path = Main;
			sourceTree = "<group>";
		};
		9DB9C07F1F9D9E620005CF66 /* Me */ = {
			isa = PBXGroup;
			children = (
				9DB9C08A1F9DC3EF0005CF66 /* Me.storyboard */,
			);
			path = Me;
			sourceTree = "<group>";
		};
		9DB9C0801F9D9E620005CF66 /* Tools */ = {
			isa = PBXGroup;
			children = (
				9DEC610B1F9EEC3F00E53EA5 /* Common.swift */,
				9D81628F1FA6B66E00E72AC8 /* NetworkTools.swift */,
				9DEC61061F9EE1E100E53EA5 /* Extension */,
			);
			path = Tools;
			sourceTree = "<group>";
		};
		9DB9C08F1F9DD9C50005CF66 /* Controller */ = {
			isa = PBXGroup;
			children = (
				9DB9C0811F9DC30A0005CF66 /* Home.storyboard */,
				9DB9C0971F9DDAA30005CF66 /* HomeViewController.swift */,
				9D729E9C1FA037B80092A8C2 /* RecommendViewController.swift */,
				9D74186D1FA957370036AC88 /* GameViewController.swift */,
				9D7418751FA9783F0036AC88 /* AmuseViewController.swift */,
				9D7418771FA9784F0036AC88 /* FunnyViewController.swift */,
			);
			path = Controller;
			sourceTree = "<group>";
		};
		9DB9C0901F9DD9C50005CF66 /* Model */ = {
			isa = PBXGroup;
			children = (
				9D71FAAF1FA823AA00589334 /* CycleModel.swift */,
				9D74186F1FA95F550036AC88 /* GameModel.swift */,
			);
			path = Model;
			sourceTree = "<group>";
		};
		9DB9C0911F9DD9C50005CF66 /* View */ = {
			isa = PBXGroup;
			children = (
				9D56265D1FA2D14D00B15445 /* CollectionHeaderView.swift */,
				9D56265E1FA2D14D00B15445 /* CollectionHeaderView.xib */,
				9D71FAAB1FA8067600589334 /* RecommendCycleView.swift */,
				9D71FAAD1FA8140300589334 /* RecommendCycleView.xib */,
				9D71FAB11FA827E300589334 /* CollectionCycleCell.swift */,
				9D71FAB21FA827E300589334 /* CollectionCycleCell.xib */,
				9D71FAB51FA8513400589334 /* RecommendGameView.swift */,
				9D71FAB71FA8516500589334 /* RecommendGameView.xib */,
				9D71FAB91FA8519B00589334 /* CollectionGameCell.swift */,
				9D71FABA1FA8519B00589334 /* CollectionGameCell.xib */,
				9D74187F1FA9AE080036AC88 /* AmuseMenuView.swift */,
				9D7418811FA9AE270036AC88 /* AmuseMenuView.xib */,
				9D7418831FA9B40D0036AC88 /* AmuseMenuViewCell.swift */,
				9D7418841FA9B40D0036AC88 /* AmuseMenuViewCell.xib */,
			);
			path = View;
			sourceTree = "<group>";
		};
		9DB9C0921F9DDA590005CF66 /* Controller */ = {
			isa = PBXGroup;
			children = (
				9D8BCDC71F99D3E70057CCF1 /* Main.storyboard */,
				9DB9C0931F9DDA590005CF66 /* MainViewController.swift */,
				9D74187D1FA9A0B60036AC88 /* BaseAnchorViewController.swift */,
				9D7418891FA9C9180036AC88 /* BaseViewController.swift */,
				9D71F3D01FAABD2D00455C26 /* CustomNavigationController.swift */,
			);
			path = Controller;
			sourceTree = "<group>";
		};
		9DB9C0941F9DDA590005CF66 /* Model */ = {
			isa = PBXGroup;
			children = (
				9D7418731FA962230036AC88 /* BaseGameModel.swift */,
				9D8162971FA6D3F700E72AC8 /* AnchorGroup.swift */,
				9D8162991FA6D8B600E72AC8 /* AnchorModel.swift */,
			);
			path = Model;
			sourceTree = "<group>";
		};
		9DB9C0951F9DDA590005CF66 /* View */ = {
			isa = PBXGroup;
			children = (
				9DEC61091F9EEAAE00E53EA5 /* PageTitleView.swift */,
				9D14429F1F9F2547005B1288 /* PageContentView.swift */,
				9D5626611FA2E1D500B15445 /* CollectionNormalCell.swift */,
				9D5626621FA2E1D500B15445 /* CollectionNormalCell.xib */,
				9D5626651FA3064500B15445 /* CollectionPrettyCell.swift */,
				9D5626661FA3064500B15445 /* CollectionPrettyCell.xib */,
				9D81629B1FA70E6600E72AC8 /* CollectionBaseCell.swift */,
			);
			path = View;
			sourceTree = "<group>";
		};
		9DEC61061F9EE1E100E53EA5 /* Extension */ = {
			isa = PBXGroup;
			children = (
				9DEC61071F9EE24400E53EA5 /* UIBarButtonItem-Extension.swift */,
				9D14429D1F9F1DB9005B1288 /* UIColor-Extension.swift */,
				9D8162951FA6C9B900E72AC8 /* NSDate-Extension.swift */,
			);
			path = Extension;
			sourceTree = "<group>";
		};
		F145C46AB126148C3D6550B5 /* Pods */ = {
			isa = PBXGroup;
			children = (
				204024D0A2363531B4CDE221 /* Pods-ZhiBoSwift.debug.xcconfig */,
				0542DFE116F6DF2412869728 /* Pods-ZhiBoSwift.release.xcconfig */,
			);
			name = Pods;
			sourceTree = "<group>";
		};
/* End PBXGroup section */

/* Begin PBXNativeTarget section */
		9D8BCDBF1F99D3E60057CCF1 /* ZhiBoSwift */ = {
			isa = PBXNativeTarget;
			buildConfigurationList = 9D8BCDE81F99D3E70057CCF1 /* Build configuration list for PBXNativeTarget "ZhiBoSwift" */;
			buildPhases = (
				98CD7D773F03F64E0F8AF2D4 /* [CP] Check Pods Manifest.lock */,
				9D8BCDBC1F99D3E60057CCF1 /* Sources */,
				9D8BCDBD1F99D3E60057CCF1 /* Frameworks */,
				9D8BCDBE1F99D3E60057CCF1 /* Resources */,
				6D32A0B567D5162E8B70966C /* [CP] Embed Pods Frameworks */,
				02DB1B1A14A7590AF5F148D4 /* [CP] Copy Pods Resources */,
			);
			buildRules = (
			);
			dependencies = (
			);
			name = ZhiBoSwift;
			productName = ZhiBoSwift;
			productReference = 9D8BCDC01F99D3E70057CCF1 /* ZhiBoSwift.app */;
			productType = "com.apple.product-type.application";
		};
		9D8BCDD31F99D3E70057CCF1 /* ZhiBoSwiftTests */ = {
			isa = PBXNativeTarget;
			buildConfigurationList = 9D8BCDEB1F99D3E70057CCF1 /* Build configuration list for PBXNativeTarget "ZhiBoSwiftTests" */;
			buildPhases = (
				9D8BCDD01F99D3E70057CCF1 /* Sources */,
				9D8BCDD11F99D3E70057CCF1 /* Frameworks */,
				9D8BCDD21F99D3E70057CCF1 /* Resources */,
			);
			buildRules = (
			);
			dependencies = (
				9D8BCDD61F99D3E70057CCF1 /* PBXTargetDependency */,
			);
			name = ZhiBoSwiftTests;
			productName = ZhiBoSwiftTests;
			productReference = 9D8BCDD41F99D3E70057CCF1 /* ZhiBoSwiftTests.xctest */;
			productType = "com.apple.product-type.bundle.unit-test";
		};
		9D8BCDDE1F99D3E70057CCF1 /* ZhiBoSwiftUITests */ = {
			isa = PBXNativeTarget;
			buildConfigurationList = 9D8BCDEE1F99D3E70057CCF1 /* Build configuration list for PBXNativeTarget "ZhiBoSwiftUITests" */;
			buildPhases = (
				9D8BCDDB1F99D3E70057CCF1 /* Sources */,
				9D8BCDDC1F99D3E70057CCF1 /* Frameworks */,
				9D8BCDDD1F99D3E70057CCF1 /* Resources */,
			);
			buildRules = (
			);
			dependencies = (
				9D8BCDE11F99D3E70057CCF1 /* PBXTargetDependency */,
			);
			name = ZhiBoSwiftUITests;
			productName = ZhiBoSwiftUITests;
			productReference = 9D8BCDDF1F99D3E70057CCF1 /* ZhiBoSwiftUITests.xctest */;
			productType = "com.apple.product-type.bundle.ui-testing";
		};
/* End PBXNativeTarget section */

/* Begin PBXProject section */
		9D8BCDB81F99D3E60057CCF1 /* Project object */ = {
			isa = PBXProject;
			attributes = {
				LastSwiftUpdateCheck = 0800;
				LastUpgradeCheck = 0800;
				ORGANIZATIONNAME = ct;
				TargetAttributes = {
					9D8BCDBF1F99D3E60057CCF1 = {
						CreatedOnToolsVersion = 8.0;
						ProvisioningStyle = Automatic;
					};
					9D8BCDD31F99D3E70057CCF1 = {
						CreatedOnToolsVersion = 8.0;
						ProvisioningStyle = Automatic;
						TestTargetID = 9D8BCDBF1F99D3E60057CCF1;
					};
					9D8BCDDE1F99D3E70057CCF1 = {
						CreatedOnToolsVersion = 8.0;
						ProvisioningStyle = Automatic;
						TestTargetID = 9D8BCDBF1F99D3E60057CCF1;
					};
				};
			};
			buildConfigurationList = 9D8BCDBB1F99D3E60057CCF1 /* Build configuration list for PBXProject "ZhiBoSwift" */;
			compatibilityVersion = "Xcode 3.2";
			developmentRegion = English;
			hasScannedForEncodings = 0;
			knownRegions = (
				en,
				Base,
			);
			mainGroup = 9D8BCDB71F99D3E60057CCF1;
			productRefGroup = 9D8BCDC11F99D3E70057CCF1 /* Products */;
			projectDirPath = "";
			projectRoot = "";
			targets = (
				9D8BCDBF1F99D3E60057CCF1 /* ZhiBoSwift */,
				9D8BCDD31F99D3E70057CCF1 /* ZhiBoSwiftTests */,
				9D8BCDDE1F99D3E70057CCF1 /* ZhiBoSwiftUITests */,
			);
		};
/* End PBXProject section */

/* Begin PBXResourcesBuildPhase section */
		9D8BCDBE1F99D3E60057CCF1 /* Resources */ = {
			isa = PBXResourcesBuildPhase;
			buildActionMask = 2147483647;
			files = (
				9D8BCDCE1F99D3E70057CCF1 /* LaunchScreen.storyboard in Resources */,
				9D7418861FA9B40D0036AC88 /* AmuseMenuViewCell.xib in Resources */,
				9D5626601FA2D14D00B15445 /* CollectionHeaderView.xib in Resources */,
				9D5626641FA2E1D500B15445 /* CollectionNormalCell.xib in Resources */,
				9D8BCDCB1F99D3E70057CCF1 /* Assets.xcassets in Resources */,
				9D8BCDC91F99D3E70057CCF1 /* Main.storyboard in Resources */,
				9DB9C0861F9DC38C0005CF66 /* Live.storyboard in Resources */,
				9DB9C0831F9DC30A0005CF66 /* Home.storyboard in Resources */,
				9D71FABC1FA8519B00589334 /* CollectionGameCell.xib in Resources */,
				9D7418821FA9AE270036AC88 /* AmuseMenuView.xib in Resources */,
				9D71FAAE1FA8140300589334 /* RecommendCycleView.xib in Resources */,
				9D71FAB41FA827E300589334 /* CollectionCycleCell.xib in Resources */,
				9D5626681FA3064500B15445 /* CollectionPrettyCell.xib in Resources */,
				9DB9C08C1F9DC3EF0005CF66 /* Me.storyboard in Resources */,
				9D71FAB81FA8516500589334 /* RecommendGameView.xib in Resources */,
				9DB9C0891F9DC3BE0005CF66 /* Follow.storyboard in Resources */,
			);
			runOnlyForDeploymentPostprocessing = 0;
		};
		9D8BCDD21F99D3E70057CCF1 /* Resources */ = {
			isa = PBXResourcesBuildPhase;
			buildActionMask = 2147483647;
			files = (
			);
			runOnlyForDeploymentPostprocessing = 0;
		};
		9D8BCDDD1F99D3E70057CCF1 /* Resources */ = {
			isa = PBXResourcesBuildPhase;
			buildActionMask = 2147483647;
			files = (
			);
			runOnlyForDeploymentPostprocessing = 0;
		};
/* End PBXResourcesBuildPhase section */

/* Begin PBXShellScriptBuildPhase section */
		02DB1B1A14A7590AF5F148D4 /* [CP] Copy Pods Resources */ = {
			isa = PBXShellScriptBuildPhase;
			buildActionMask = 2147483647;
			files = (
			);
			inputPaths = (
			);
			name = "[CP] Copy Pods Resources";
			outputPaths = (
			);
			runOnlyForDeploymentPostprocessing = 0;
			shellPath = /bin/sh;
			shellScript = "\"${SRCROOT}/Pods/Target Support Files/Pods-ZhiBoSwift/Pods-ZhiBoSwift-resources.sh\"\n";
			showEnvVarsInLog = 0;
		};
		6D32A0B567D5162E8B70966C /* [CP] Embed Pods Frameworks */ = {
			isa = PBXShellScriptBuildPhase;
			buildActionMask = 2147483647;
			files = (
			);
			inputPaths = (
				"${SRCROOT}/Pods/Target Support Files/Pods-ZhiBoSwift/Pods-ZhiBoSwift-frameworks.sh",
				"${BUILT_PRODUCTS_DIR}/Alamofire/Alamofire.framework",
				"${BUILT_PRODUCTS_DIR}/Kingfisher/Kingfisher.framework",
			);
			name = "[CP] Embed Pods Frameworks";
			outputPaths = (
				"${TARGET_BUILD_DIR}/${FRAMEWORKS_FOLDER_PATH}/Alamofire.framework",
				"${TARGET_BUILD_DIR}/${FRAMEWORKS_FOLDER_PATH}/Kingfisher.framework",
			);
			runOnlyForDeploymentPostprocessing = 0;
			shellPath = /bin/sh;
			shellScript = "\"${SRCROOT}/Pods/Target Support Files/Pods-ZhiBoSwift/Pods-ZhiBoSwift-frameworks.sh\"\n";
			showEnvVarsInLog = 0;
		};
		98CD7D773F03F64E0F8AF2D4 /* [CP] Check Pods Manifest.lock */ = {
			isa = PBXShellScriptBuildPhase;
			buildActionMask = 2147483647;
			files = (
			);
			inputPaths = (
				"${PODS_PODFILE_DIR_PATH}/Podfile.lock",
				"${PODS_ROOT}/Manifest.lock",
			);
			name = "[CP] Check Pods Manifest.lock";
			outputPaths = (
				"$(DERIVED_FILE_DIR)/Pods-ZhiBoSwift-checkManifestLockResult.txt",
			);
			runOnlyForDeploymentPostprocessing = 0;
			shellPath = /bin/sh;
			shellScript = "diff \"${PODS_PODFILE_DIR_PATH}/Podfile.lock\" \"${PODS_ROOT}/Manifest.lock\" > /dev/null\nif [ $? != 0 ] ; then\n    # print error to STDERR\n    echo \"error: The sandbox is not in sync with the Podfile.lock. Run 'pod install' or update your CocoaPods installation.\" >&2\n    exit 1\nfi\n# This output is used by Xcode 'outputs' to avoid re-running this script phase.\necho \"SUCCESS\" > \"${SCRIPT_OUTPUT_FILE_0}\"\n";
			showEnvVarsInLog = 0;
		};
/* End PBXShellScriptBuildPhase section */

/* Begin PBXSourcesBuildPhase section */
		9D8BCDBC1F99D3E60057CCF1 /* Sources */ = {
			isa = PBXSourcesBuildPhase;
			buildActionMask = 2147483647;
			files = (
				9D7418701FA95F550036AC88 /* GameModel.swift in Sources */,
				9D7418851FA9B40D0036AC88 /* AmuseMenuViewCell.swift in Sources */,
				9D71FAAC1FA8067600589334 /* RecommendCycleView.swift in Sources */,
				9D8BCDC41F99D3E70057CCF1 /* AppDelegate.swift in Sources */,
				9D56265F1FA2D14D00B15445 /* CollectionHeaderView.swift in Sources */,
				9D74188A1FA9C9180036AC88 /* BaseViewController.swift in Sources */,
				9DB9C0961F9DDA590005CF66 /* MainViewController.swift in Sources */,
				9D74186E1FA957370036AC88 /* GameViewController.swift in Sources */,
				9D7418721FA95F690036AC88 /* GameViewModel.swift in Sources */,
				9D729E9D1FA037B80092A8C2 /* RecommendViewController.swift in Sources */,
				9D8162981FA6D3F700E72AC8 /* AnchorGroup.swift in Sources */,
				9DEC610A1F9EEAAE00E53EA5 /* PageTitleView.swift in Sources */,
				9D71F3D11FAABD2D00455C26 /* CustomNavigationController.swift in Sources */,
				9D71F3CF1FAAB2BD00455C26 /* RoomNormalViewController.swift in Sources */,
				9D1442A01F9F2547005B1288 /* PageContentView.swift in Sources */,
				9D71FAB31FA827E300589334 /* CollectionCycleCell.swift in Sources */,
				9D7418741FA962230036AC88 /* BaseGameModel.swift in Sources */,
				9D74187C1FA99C2C0036AC88 /* BaseViewModel.swift in Sources */,
				9D74187E1FA9A0B60036AC88 /* BaseAnchorViewController.swift in Sources */,
				9D71FAB01FA823AA00589334 /* CycleModel.swift in Sources */,
				9D7418881FA9C1AF0036AC88 /* FunnyViewModel.swift in Sources */,
				9D7418761FA9783F0036AC88 /* AmuseViewController.swift in Sources */,
				9DEC61081F9EE24400E53EA5 /* UIBarButtonItem-Extension.swift in Sources */,
				9D74187A1FA978C20036AC88 /* AmuseViewModel.swift in Sources */,
				9DEC610C1F9EEC3F00E53EA5 /* Common.swift in Sources */,
				9D14429E1F9F1DB9005B1288 /* UIColor-Extension.swift in Sources */,
				9D71FAB61FA8513400589334 /* RecommendGameView.swift in Sources */,
				9D5626671FA3064500B15445 /* CollectionPrettyCell.swift in Sources */,
				9D8162961FA6C9B900E72AC8 /* NSDate-Extension.swift in Sources */,
				9D81629C1FA70E6700E72AC8 /* CollectionBaseCell.swift in Sources */,
				9D5626631FA2E1D500B15445 /* CollectionNormalCell.swift in Sources */,
				9D7418801FA9AE080036AC88 /* AmuseMenuView.swift in Sources */,
				9D71FABB1FA8519B00589334 /* CollectionGameCell.swift in Sources */,
				9D7418781FA9784F0036AC88 /* FunnyViewController.swift in Sources */,
				9D8162901FA6B66E00E72AC8 /* NetworkTools.swift in Sources */,
				9D71F3CD1FAAB2A500455C26 /* RoomShowViewController.swift in Sources */,
				9DB9C0981F9DDAA30005CF66 /* HomeViewController.swift in Sources */,
				9D8162941FA6C72C00E72AC8 /* RecommendViewModel.swift in Sources */,
				9D81629A1FA6D8B600E72AC8 /* AnchorModel.swift in Sources */,
			);
			runOnlyForDeploymentPostprocessing = 0;
		};
		9D8BCDD01F99D3E70057CCF1 /* Sources */ = {
			isa = PBXSourcesBuildPhase;
			buildActionMask = 2147483647;
			files = (
				9D8BCDD91F99D3E70057CCF1 /* ZhiBoSwiftTests.swift in Sources */,
			);
			runOnlyForDeploymentPostprocessing = 0;
		};
		9D8BCDDB1F99D3E70057CCF1 /* Sources */ = {
			isa = PBXSourcesBuildPhase;
			buildActionMask = 2147483647;
			files = (
				9D8BCDE41F99D3E70057CCF1 /* ZhiBoSwiftUITests.swift in Sources */,
			);
			runOnlyForDeploymentPostprocessing = 0;
		};
/* End PBXSourcesBuildPhase section */

/* Begin PBXTargetDependency section */
		9D8BCDD61F99D3E70057CCF1 /* PBXTargetDependency */ = {
			isa = PBXTargetDependency;
			target = 9D8BCDBF1F99D3E60057CCF1 /* ZhiBoSwift */;
			targetProxy = 9D8BCDD51F99D3E70057CCF1 /* PBXContainerItemProxy */;
		};
		9D8BCDE11F99D3E70057CCF1 /* PBXTargetDependency */ = {
			isa = PBXTargetDependency;
			target = 9D8BCDBF1F99D3E60057CCF1 /* ZhiBoSwift */;
			targetProxy = 9D8BCDE01F99D3E70057CCF1 /* PBXContainerItemProxy */;
		};
/* End PBXTargetDependency section */

/* Begin PBXVariantGroup section */
		9D8BCDC71F99D3E70057CCF1 /* Main.storyboard */ = {
			isa = PBXVariantGroup;
			children = (
				9D8BCDC81F99D3E70057CCF1 /* Base */,
			);
			name = Main.storyboard;
			path = ../../..;
			sourceTree = "<group>";
		};
		9D8BCDCC1F99D3E70057CCF1 /* LaunchScreen.storyboard */ = {
			isa = PBXVariantGroup;
			children = (
				9D8BCDCD1F99D3E70057CCF1 /* Base */,
			);
			name = LaunchScreen.storyboard;
			sourceTree = "<group>";
		};
		9DB9C0811F9DC30A0005CF66 /* Home.storyboard */ = {
			isa = PBXVariantGroup;
			children = (
				9DB9C0821F9DC30A0005CF66 /* Base */,
			);
			name = Home.storyboard;
			path = ../../Main;
			sourceTree = "<group>";
		};
		9DB9C0841F9DC38C0005CF66 /* Live.storyboard */ = {
			isa = PBXVariantGroup;
			children = (
				9DB9C0851F9DC38C0005CF66 /* Base */,
			);
			name = Live.storyboard;
			path = ../Main;
			sourceTree = "<group>";
		};
		9DB9C0871F9DC3BE0005CF66 /* Follow.storyboard */ = {
			isa = PBXVariantGroup;
			children = (
				9DB9C0881F9DC3BE0005CF66 /* Base */,
			);
			name = Follow.storyboard;
			path = ../Main;
			sourceTree = "<group>";
		};
		9DB9C08A1F9DC3EF0005CF66 /* Me.storyboard */ = {
			isa = PBXVariantGroup;
			children = (
				9DB9C08B1F9DC3EF0005CF66 /* Base */,
			);
			name = Me.storyboard;
			path = ../Main;
			sourceTree = "<group>";
		};
/* End PBXVariantGroup section */

/* Begin XCBuildConfiguration section */
		9D8BCDE61F99D3E70057CCF1 /* Debug */ = {
			isa = XCBuildConfiguration;
			buildSettings = {
				ALWAYS_SEARCH_USER_PATHS = NO;
				CLANG_ANALYZER_NONNULL = YES;
				CLANG_CXX_LANGUAGE_STANDARD = "gnu++0x";
				CLANG_CXX_LIBRARY = "libc++";
				CLANG_ENABLE_MODULES = YES;
				CLANG_ENABLE_OBJC_ARC = YES;
				CLANG_WARN_BOOL_CONVERSION = YES;
				CLANG_WARN_CONSTANT_CONVERSION = YES;
				CLANG_WARN_DIRECT_OBJC_ISA_USAGE = YES_ERROR;
				CLANG_WARN_DOCUMENTATION_COMMENTS = YES;
				CLANG_WARN_EMPTY_BODY = YES;
				CLANG_WARN_ENUM_CONVERSION = YES;
				CLANG_WARN_INFINITE_RECURSION = YES;
				CLANG_WARN_INT_CONVERSION = YES;
				CLANG_WARN_OBJC_ROOT_CLASS = YES_ERROR;
				CLANG_WARN_SUSPICIOUS_MOVES = YES;
				CLANG_WARN_UNREACHABLE_CODE = YES;
				CLANG_WARN__DUPLICATE_METHOD_MATCH = YES;
				"CODE_SIGN_IDENTITY[sdk=iphoneos*]" = "iPhone Developer";
				COPY_PHASE_STRIP = NO;
				DEBUG_INFORMATION_FORMAT = dwarf;
				ENABLE_STRICT_OBJC_MSGSEND = YES;
				ENABLE_TESTABILITY = YES;
				GCC_C_LANGUAGE_STANDARD = gnu99;
				GCC_DYNAMIC_NO_PIC = NO;
				GCC_NO_COMMON_BLOCKS = YES;
				GCC_OPTIMIZATION_LEVEL = 0;
				GCC_PREPROCESSOR_DEFINITIONS = (
					"DEBUG=1",
					"$(inherited)",
				);
				GCC_WARN_64_TO_32_BIT_CONVERSION = YES;
				GCC_WARN_ABOUT_RETURN_TYPE = YES_ERROR;
				GCC_WARN_UNDECLARED_SELECTOR = YES;
				GCC_WARN_UNINITIALIZED_AUTOS = YES_AGGRESSIVE;
				GCC_WARN_UNUSED_FUNCTION = YES;
				GCC_WARN_UNUSED_VARIABLE = YES;
				IPHONEOS_DEPLOYMENT_TARGET = 10.0;
				MTL_ENABLE_DEBUG_INFO = YES;
				ONLY_ACTIVE_ARCH = YES;
				SDKROOT = iphoneos;
				SWIFT_ACTIVE_COMPILATION_CONDITIONS = DEBUG;
				SWIFT_OPTIMIZATION_LEVEL = "-Onone";
			};
			name = Debug;
		};
		9D8BCDE71F99D3E70057CCF1 /* Release */ = {
			isa = XCBuildConfiguration;
			buildSettings = {
				ALWAYS_SEARCH_USER_PATHS = NO;
				CLANG_ANALYZER_NONNULL = YES;
				CLANG_CXX_LANGUAGE_STANDARD = "gnu++0x";
				CLANG_CXX_LIBRARY = "libc++";
				CLANG_ENABLE_MODULES = YES;
				CLANG_ENABLE_OBJC_ARC = YES;
				CLANG_WARN_BOOL_CONVERSION = YES;
				CLANG_WARN_CONSTANT_CONVERSION = YES;
				CLANG_WARN_DIRECT_OBJC_ISA_USAGE = YES_ERROR;
				CLANG_WARN_DOCUMENTATION_COMMENTS = YES;
				CLANG_WARN_EMPTY_BODY = YES;
				CLANG_WARN_ENUM_CONVERSION = YES;
				CLANG_WARN_INFINITE_RECURSION = YES;
				CLANG_WARN_INT_CONVERSION = YES;
				CLANG_WARN_OBJC_ROOT_CLASS = YES_ERROR;
				CLANG_WARN_SUSPICIOUS_MOVES = YES;
				CLANG_WARN_UNREACHABLE_CODE = YES;
				CLANG_WARN__DUPLICATE_METHOD_MATCH = YES;
				"CODE_SIGN_IDENTITY[sdk=iphoneos*]" = "iPhone Developer";
				COPY_PHASE_STRIP = NO;
				DEBUG_INFORMATION_FORMAT = "dwarf-with-dsym";
				ENABLE_NS_ASSERTIONS = NO;
				ENABLE_STRICT_OBJC_MSGSEND = YES;
				GCC_C_LANGUAGE_STANDARD = gnu99;
				GCC_NO_COMMON_BLOCKS = YES;
				GCC_WARN_64_TO_32_BIT_CONVERSION = YES;
				GCC_WARN_ABOUT_RETURN_TYPE = YES_ERROR;
				GCC_WARN_UNDECLARED_SELECTOR = YES;
				GCC_WARN_UNINITIALIZED_AUTOS = YES_AGGRESSIVE;
				GCC_WARN_UNUSED_FUNCTION = YES;
				GCC_WARN_UNUSED_VARIABLE = YES;
				IPHONEOS_DEPLOYMENT_TARGET = 10.0;
				MTL_ENABLE_DEBUG_INFO = NO;
				SDKROOT = iphoneos;
				SWIFT_OPTIMIZATION_LEVEL = "-Owholemodule";
				VALIDATE_PRODUCT = YES;
			};
			name = Release;
		};
		9D8BCDE91F99D3E70057CCF1 /* Debug */ = {
			isa = XCBuildConfiguration;
			baseConfigurationReference = 204024D0A2363531B4CDE221 /* Pods-ZhiBoSwift.debug.xcconfig */;
			buildSettings = {
				ASSETCATALOG_COMPILER_APPICON_NAME = AppIcon;
				ASSETCATALOG_COMPILER_LAUNCHIMAGE_NAME = LaunchImage;
				DEVELOPMENT_TEAM = "";
				INFOPLIST_FILE = ZhiBoSwift/Info.plist;
				IPHONEOS_DEPLOYMENT_TARGET = 8.0;
				LD_RUNPATH_SEARCH_PATHS = "$(inherited) @executable_path/Frameworks";
				PRODUCT_BUNDLE_IDENTIFIER = com.ct.ios.ZhiBoSwift;
				PRODUCT_NAME = "$(TARGET_NAME)";
				SWIFT_VERSION = 3.0;
			};
			name = Debug;
		};
		9D8BCDEA1F99D3E70057CCF1 /* Release */ = {
			isa = XCBuildConfiguration;
			baseConfigurationReference = 0542DFE116F6DF2412869728 /* Pods-ZhiBoSwift.release.xcconfig */;
			buildSettings = {
				ASSETCATALOG_COMPILER_APPICON_NAME = AppIcon;
				ASSETCATALOG_COMPILER_LAUNCHIMAGE_NAME = LaunchImage;
				DEVELOPMENT_TEAM = "";
				INFOPLIST_FILE = ZhiBoSwift/Info.plist;
				IPHONEOS_DEPLOYMENT_TARGET = 8.0;
				LD_RUNPATH_SEARCH_PATHS = "$(inherited) @executable_path/Frameworks";
				PRODUCT_BUNDLE_IDENTIFIER = com.ct.ios.ZhiBoSwift;
				PRODUCT_NAME = "$(TARGET_NAME)";
				SWIFT_VERSION = 3.0;
			};
			name = Release;
		};
		9D8BCDEC1F99D3E70057CCF1 /* Debug */ = {
			isa = XCBuildConfiguration;
			buildSettings = {
				ALWAYS_EMBED_SWIFT_STANDARD_LIBRARIES = YES;
				BUNDLE_LOADER = "$(TEST_HOST)";
				INFOPLIST_FILE = ZhiBoSwiftTests/Info.plist;
				LD_RUNPATH_SEARCH_PATHS = "$(inherited) @executable_path/Frameworks @loader_path/Frameworks";
				PRODUCT_BUNDLE_IDENTIFIER = com.ct.ios.ZhiBoSwiftTests;
				PRODUCT_NAME = "$(TARGET_NAME)";
				SWIFT_VERSION = 3.0;
				TEST_HOST = "$(BUILT_PRODUCTS_DIR)/ZhiBoSwift.app/ZhiBoSwift";
			};
			name = Debug;
		};
		9D8BCDED1F99D3E70057CCF1 /* Release */ = {
			isa = XCBuildConfiguration;
			buildSettings = {
				ALWAYS_EMBED_SWIFT_STANDARD_LIBRARIES = YES;
				BUNDLE_LOADER = "$(TEST_HOST)";
				INFOPLIST_FILE = ZhiBoSwiftTests/Info.plist;
				LD_RUNPATH_SEARCH_PATHS = "$(inherited) @executable_path/Frameworks @loader_path/Frameworks";
				PRODUCT_BUNDLE_IDENTIFIER = com.ct.ios.ZhiBoSwiftTests;
				PRODUCT_NAME = "$(TARGET_NAME)";
				SWIFT_VERSION = 3.0;
				TEST_HOST = "$(BUILT_PRODUCTS_DIR)/ZhiBoSwift.app/ZhiBoSwift";
			};
			name = Release;
		};
		9D8BCDEF1F99D3E70057CCF1 /* Debug */ = {
			isa = XCBuildConfiguration;
			buildSettings = {
				ALWAYS_EMBED_SWIFT_STANDARD_LIBRARIES = YES;
				INFOPLIST_FILE = ZhiBoSwiftUITests/Info.plist;
				LD_RUNPATH_SEARCH_PATHS = "$(inherited) @executable_path/Frameworks @loader_path/Frameworks";
				PRODUCT_BUNDLE_IDENTIFIER = com.ct.ios.ZhiBoSwiftUITests;
				PRODUCT_NAME = "$(TARGET_NAME)";
				SWIFT_VERSION = 3.0;
				TEST_TARGET_NAME = ZhiBoSwift;
			};
			name = Debug;
		};
		9D8BCDF01F99D3E70057CCF1 /* Release */ = {
			isa = XCBuildConfiguration;
			buildSettings = {
				ALWAYS_EMBED_SWIFT_STANDARD_LIBRARIES = YES;
				INFOPLIST_FILE = ZhiBoSwiftUITests/Info.plist;
				LD_RUNPATH_SEARCH_PATHS = "$(inherited) @executable_path/Frameworks @loader_path/Frameworks";
				PRODUCT_BUNDLE_IDENTIFIER = com.ct.ios.ZhiBoSwiftUITests;
				PRODUCT_NAME = "$(TARGET_NAME)";
				SWIFT_VERSION = 3.0;
				TEST_TARGET_NAME = ZhiBoSwift;
			};
			name = Release;
		};
/* End XCBuildConfiguration section */

/* Begin XCConfigurationList section */
		9D8BCDBB1F99D3E60057CCF1 /* Build configuration list for PBXProject "ZhiBoSwift" */ = {
			isa = XCConfigurationList;
			buildConfigurations = (
				9D8BCDE61F99D3E70057CCF1 /* Debug */,
				9D8BCDE71F99D3E70057CCF1 /* Release */,
			);
			defaultConfigurationIsVisible = 0;
			defaultConfigurationName = Release;
		};
		9D8BCDE81F99D3E70057CCF1 /* Build configuration list for PBXNativeTarget "ZhiBoSwift" */ = {
			isa = XCConfigurationList;
			buildConfigurations = (
				9D8BCDE91F99D3E70057CCF1 /* Debug */,
				9D8BCDEA1F99D3E70057CCF1 /* Release */,
			);
			defaultConfigurationIsVisible = 0;
			defaultConfigurationName = Release;
		};
		9D8BCDEB1F99D3E70057CCF1 /* Build configuration list for PBXNativeTarget "ZhiBoSwiftTests" */ = {
			isa = XCConfigurationList;
			buildConfigurations = (
				9D8BCDEC1F99D3E70057CCF1 /* Debug */,
				9D8BCDED1F99D3E70057CCF1 /* Release */,
			);
			defaultConfigurationIsVisible = 0;
			defaultConfigurationName = Release;
		};
		9D8BCDEE1F99D3E70057CCF1 /* Build configuration list for PBXNativeTarget "ZhiBoSwiftUITests" */ = {
			isa = XCConfigurationList;
			buildConfigurations = (
				9D8BCDEF1F99D3E70057CCF1 /* Debug */,
				9D8BCDF01F99D3E70057CCF1 /* Release */,
			);
			defaultConfigurationIsVisible = 0;
			defaultConfigurationName = Release;
		};
/* End XCConfigurationList section */
	};
	rootObject = 9D8BCDB81F99D3E60057CCF1 /* Project object */;
}
